// !$*UTF8*$!
{
	archiveVersion = 1;
	classes = {
	};
	objectVersion = 51;
	objects = {

/* Begin PBXBuildFile section */
		714E1E072534CC9400D605EF /* DataLoader.swift in Sources */ = {isa = PBXBuildFile; fileRef = 714E1E062534CC9400D605EF /* DataLoader.swift */; };
		714E1E122534D6F400D605EF /* VKLoginViewController.swift in Sources */ = {isa = PBXBuildFile; fileRef = 714E1E112534D6F400D605EF /* VKLoginViewController.swift */; };
		71607EAC253186AD00017010 /* AppDelegate.swift in Sources */ = {isa = PBXBuildFile; fileRef = 71607EAB253186AD00017010 /* AppDelegate.swift */; };
		71607EAE253186AD00017010 /* SceneDelegate.swift in Sources */ = {isa = PBXBuildFile; fileRef = 71607EAD253186AD00017010 /* SceneDelegate.swift */; };
		71607EB3253186AD00017010 /* Main.storyboard in Resources */ = {isa = PBXBuildFile; fileRef = 71607EB1253186AD00017010 /* Main.storyboard */; };
		71607EB5253186AD00017010 /* Assets.xcassets in Resources */ = {isa = PBXBuildFile; fileRef = 71607EB4253186AD00017010 /* Assets.xcassets */; };
		71607EB8253186AD00017010 /* LaunchScreen.storyboard in Resources */ = {isa = PBXBuildFile; fileRef = 71607EB6253186AD00017010 /* LaunchScreen.storyboard */; };
		71607EC3253186AE00017010 /* app_VKTests.swift in Sources */ = {isa = PBXBuildFile; fileRef = 71607EC2253186AE00017010 /* app_VKTests.swift */; };
		71607ECE253186AE00017010 /* app_VKUITests.swift in Sources */ = {isa = PBXBuildFile; fileRef = 71607ECD253186AE00017010 /* app_VKUITests.swift */; };
		71607F122531950000017010 /* VKDataLoader.swift in Sources */ = {isa = PBXBuildFile; fileRef = 71607F112531950000017010 /* VKDataLoader.swift */; };
		71607F1A2531960100017010 /* VKRequestParametrs.swift in Sources */ = {isa = PBXBuildFile; fileRef = 71607F192531960100017010 /* VKRequestParametrs.swift */; };
		71607F222531961C00017010 /* Session.swift in Sources */ = {isa = PBXBuildFile; fileRef = 71607F212531961C00017010 /* Session.swift */; };
		71607F30253196D900017010 /* RealmService.swift in Sources */ = {isa = PBXBuildFile; fileRef = 71607F2F253196D900017010 /* RealmService.swift */; };
		71607F3C253198AC00017010 /* TableViewModel.swift in Sources */ = {isa = PBXBuildFile; fileRef = 71607F3B253198AC00017010 /* TableViewModel.swift */; };
		71607F41253198E400017010 /* TableSection.swift in Sources */ = {isa = PBXBuildFile; fileRef = 71607F40253198E400017010 /* TableSection.swift */; };
		71607F472531D2D700017010 /* AsyncOperation.swift in Sources */ = {isa = PBXBuildFile; fileRef = 71607F462531D2D700017010 /* AsyncOperation.swift */; };
		71607F4C2531D4D800017010 /* GetDataOperation.swift in Sources */ = {isa = PBXBuildFile; fileRef = 71607F4B2531D4D800017010 /* GetDataOperation.swift */; };
		71607F522531D94400017010 /* ParseTableDataOperation.swift in Sources */ = {isa = PBXBuildFile; fileRef = 71607F512531D94400017010 /* ParseTableDataOperation.swift */; };
		71607F5A2531DA2100017010 /* ReloadDataOperation.swift in Sources */ = {isa = PBXBuildFile; fileRef = 71607F592531DA2100017010 /* ReloadDataOperation.swift */; };
		71607F5F2531DA8900017010 /* DataReloadedController.swift in Sources */ = {isa = PBXBuildFile; fileRef = 71607F5E2531DA8900017010 /* DataReloadedController.swift */; };
		71607F682531DDAC00017010 /* MVCTableViewController.swift in Sources */ = {isa = PBXBuildFile; fileRef = 71607F672531DDAC00017010 /* MVCTableViewController.swift */; };
		71607F702531E11000017010 /* NetworkManager.swift in Sources */ = {isa = PBXBuildFile; fileRef = 71607F6F2531E11000017010 /* NetworkManager.swift */; };
		71607F752531E55600017010 /* Parser.swift in Sources */ = {isa = PBXBuildFile; fileRef = 71607F742531E55600017010 /* Parser.swift */; };
		71607F8E2531EE1B00017010 /* UserGrouposViewControler.swift in Sources */ = {isa = PBXBuildFile; fileRef = 71607F8D2531EE1B00017010 /* UserGrouposViewControler.swift */; };
		71607F992531F03400017010 /* UserGroupsViewModel.swift in Sources */ = {isa = PBXBuildFile; fileRef = 71607F982531F03400017010 /* UserGroupsViewModel.swift */; };
		71607F9E2531F26B00017010 /* UserGroupsParser.swift in Sources */ = {isa = PBXBuildFile; fileRef = 71607F9D2531F26B00017010 /* UserGroupsParser.swift */; };
		71607FA92531F58C00017010 /* UserGroupsDataLoader.swift in Sources */ = {isa = PBXBuildFile; fileRef = 71607FA82531F58C00017010 /* UserGroupsDataLoader.swift */; };
		71607FAF253332A700017010 /* UserGroupsInvitationsSection.swift in Sources */ = {isa = PBXBuildFile; fileRef = 71607FAE253332A700017010 /* UserGroupsInvitationsSection.swift */; };
		71607FB42533330000017010 /* UserGroupsSection.swift in Sources */ = {isa = PBXBuildFile; fileRef = 71607FB32533330000017010 /* UserGroupsSection.swift */; };
		71607FBD253336FB00017010 /* Group.swift in Sources */ = {isa = PBXBuildFile; fileRef = 71607FBC253336FB00017010 /* Group.swift */; };
		71607FC225334B9C00017010 /* User.swift in Sources */ = {isa = PBXBuildFile; fileRef = 71607FC125334B9C00017010 /* User.swift */; };
		71607FC725334CEE00017010 /* City.swift in Sources */ = {isa = PBXBuildFile; fileRef = 71607FC625334CEE00017010 /* City.swift */; };
		71607FD32533707200017010 /* GroupsInvitationCell.swift in Sources */ = {isa = PBXBuildFile; fileRef = 71607FD12533707200017010 /* GroupsInvitationCell.swift */; };
		71607FD42533707200017010 /* GroupsInvitationCell.xib in Resources */ = {isa = PBXBuildFile; fileRef = 71607FD22533707200017010 /* GroupsInvitationCell.xib */; };
		71607FE52533745200017010 /* UserGroupCell.swift in Sources */ = {isa = PBXBuildFile; fileRef = 71607FE32533745200017010 /* UserGroupCell.swift */; };
		71607FE62533745200017010 /* UserGroupCell.xib in Resources */ = {isa = PBXBuildFile; fileRef = 71607FE42533745200017010 /* UserGroupCell.xib */; };
		8F2C732CDA2B217EEDA0881A /* Pods_app_VK.framework in Frameworks */ = {isa = PBXBuildFile; fileRef = 0AFE7EAA543A9D6C73F82757 /* Pods_app_VK.framework */; };
/* End PBXBuildFile section */

/* Begin PBXContainerItemProxy section */
		71607EBF253186AE00017010 /* PBXContainerItemProxy */ = {
			isa = PBXContainerItemProxy;
			containerPortal = 71607EA0253186AD00017010 /* Project object */;
			proxyType = 1;
			remoteGlobalIDString = 71607EA7253186AD00017010;
			remoteInfo = app_VK;
		};
		71607ECA253186AE00017010 /* PBXContainerItemProxy */ = {
			isa = PBXContainerItemProxy;
			containerPortal = 71607EA0253186AD00017010 /* Project object */;
			proxyType = 1;
			remoteGlobalIDString = 71607EA7253186AD00017010;
			remoteInfo = app_VK;
		};
/* End PBXContainerItemProxy section */

/* Begin PBXFileReference section */
		0AFE7EAA543A9D6C73F82757 /* Pods_app_VK.framework */ = {isa = PBXFileReference; explicitFileType = wrapper.framework; includeInIndex = 0; path = Pods_app_VK.framework; sourceTree = BUILT_PRODUCTS_DIR; };
		714E1E062534CC9400D605EF /* DataLoader.swift */ = {isa = PBXFileReference; lastKnownFileType = sourcecode.swift; path = DataLoader.swift; sourceTree = "<group>"; };
		714E1E112534D6F400D605EF /* VKLoginViewController.swift */ = {isa = PBXFileReference; lastKnownFileType = sourcecode.swift; path = VKLoginViewController.swift; sourceTree = "<group>"; };
		71607EA8253186AD00017010 /* app_VK.app */ = {isa = PBXFileReference; explicitFileType = wrapper.application; includeInIndex = 0; path = app_VK.app; sourceTree = BUILT_PRODUCTS_DIR; };
		71607EAB253186AD00017010 /* AppDelegate.swift */ = {isa = PBXFileReference; lastKnownFileType = sourcecode.swift; path = AppDelegate.swift; sourceTree = "<group>"; };
		71607EAD253186AD00017010 /* SceneDelegate.swift */ = {isa = PBXFileReference; lastKnownFileType = sourcecode.swift; path = SceneDelegate.swift; sourceTree = "<group>"; };
		71607EB2253186AD00017010 /* Base */ = {isa = PBXFileReference; lastKnownFileType = file.storyboard; name = Base; path = Base.lproj/Main.storyboard; sourceTree = "<group>"; };
		71607EB4253186AD00017010 /* Assets.xcassets */ = {isa = PBXFileReference; lastKnownFileType = folder.assetcatalog; path = Assets.xcassets; sourceTree = "<group>"; };
		71607EB7253186AD00017010 /* Base */ = {isa = PBXFileReference; lastKnownFileType = file.storyboard; name = Base; path = Base.lproj/LaunchScreen.storyboard; sourceTree = "<group>"; };
		71607EB9253186AD00017010 /* Info.plist */ = {isa = PBXFileReference; lastKnownFileType = text.plist.xml; path = Info.plist; sourceTree = "<group>"; };
		71607EBE253186AE00017010 /* app_VKTests.xctest */ = {isa = PBXFileReference; explicitFileType = wrapper.cfbundle; includeInIndex = 0; path = app_VKTests.xctest; sourceTree = BUILT_PRODUCTS_DIR; };
		71607EC2253186AE00017010 /* app_VKTests.swift */ = {isa = PBXFileReference; lastKnownFileType = sourcecode.swift; path = app_VKTests.swift; sourceTree = "<group>"; };
		71607EC4253186AE00017010 /* Info.plist */ = {isa = PBXFileReference; lastKnownFileType = text.plist.xml; path = Info.plist; sourceTree = "<group>"; };
		71607EC9253186AE00017010 /* app_VKUITests.xctest */ = {isa = PBXFileReference; explicitFileType = wrapper.cfbundle; includeInIndex = 0; path = app_VKUITests.xctest; sourceTree = BUILT_PRODUCTS_DIR; };
		71607ECD253186AE00017010 /* app_VKUITests.swift */ = {isa = PBXFileReference; lastKnownFileType = sourcecode.swift; path = app_VKUITests.swift; sourceTree = "<group>"; };
		71607ECF253186AE00017010 /* Info.plist */ = {isa = PBXFileReference; lastKnownFileType = text.plist.xml; path = Info.plist; sourceTree = "<group>"; };
		71607F112531950000017010 /* VKDataLoader.swift */ = {isa = PBXFileReference; lastKnownFileType = sourcecode.swift; path = VKDataLoader.swift; sourceTree = "<group>"; };
		71607F192531960100017010 /* VKRequestParametrs.swift */ = {isa = PBXFileReference; lastKnownFileType = sourcecode.swift; path = VKRequestParametrs.swift; sourceTree = "<group>"; };
		71607F212531961C00017010 /* Session.swift */ = {isa = PBXFileReference; lastKnownFileType = sourcecode.swift; path = Session.swift; sourceTree = "<group>"; };
		71607F2F253196D900017010 /* RealmService.swift */ = {isa = PBXFileReference; lastKnownFileType = sourcecode.swift; path = RealmService.swift; sourceTree = "<group>"; };
		71607F3B253198AC00017010 /* TableViewModel.swift */ = {isa = PBXFileReference; lastKnownFileType = sourcecode.swift; path = TableViewModel.swift; sourceTree = "<group>"; };
		71607F40253198E400017010 /* TableSection.swift */ = {isa = PBXFileReference; lastKnownFileType = sourcecode.swift; path = TableSection.swift; sourceTree = "<group>"; };
		71607F462531D2D700017010 /* AsyncOperation.swift */ = {isa = PBXFileReference; lastKnownFileType = sourcecode.swift; path = AsyncOperation.swift; sourceTree = "<group>"; };
		71607F4B2531D4D800017010 /* GetDataOperation.swift */ = {isa = PBXFileReference; lastKnownFileType = sourcecode.swift; path = GetDataOperation.swift; sourceTree = "<group>"; };
		71607F512531D94400017010 /* ParseTableDataOperation.swift */ = {isa = PBXFileReference; lastKnownFileType = sourcecode.swift; path = ParseTableDataOperation.swift; sourceTree = "<group>"; };
		71607F592531DA2100017010 /* ReloadDataOperation.swift */ = {isa = PBXFileReference; lastKnownFileType = sourcecode.swift; path = ReloadDataOperation.swift; sourceTree = "<group>"; };
		71607F5E2531DA8900017010 /* DataReloadedController.swift */ = {isa = PBXFileReference; lastKnownFileType = sourcecode.swift; path = DataReloadedController.swift; sourceTree = "<group>"; };
		71607F672531DDAC00017010 /* MVCTableViewController.swift */ = {isa = PBXFileReference; lastKnownFileType = sourcecode.swift; path = MVCTableViewController.swift; sourceTree = "<group>"; };
		71607F6F2531E11000017010 /* NetworkManager.swift */ = {isa = PBXFileReference; lastKnownFileType = sourcecode.swift; path = NetworkManager.swift; sourceTree = "<group>"; };
		71607F742531E55600017010 /* Parser.swift */ = {isa = PBXFileReference; lastKnownFileType = sourcecode.swift; path = Parser.swift; sourceTree = "<group>"; };
		71607F8D2531EE1B00017010 /* UserGrouposViewControler.swift */ = {isa = PBXFileReference; lastKnownFileType = sourcecode.swift; path = UserGrouposViewControler.swift; sourceTree = "<group>"; };
		71607F982531F03400017010 /* UserGroupsViewModel.swift */ = {isa = PBXFileReference; lastKnownFileType = sourcecode.swift; path = UserGroupsViewModel.swift; sourceTree = "<group>"; };
		71607F9D2531F26B00017010 /* UserGroupsParser.swift */ = {isa = PBXFileReference; lastKnownFileType = sourcecode.swift; path = UserGroupsParser.swift; sourceTree = "<group>"; };
		71607FA82531F58C00017010 /* UserGroupsDataLoader.swift */ = {isa = PBXFileReference; lastKnownFileType = sourcecode.swift; path = UserGroupsDataLoader.swift; sourceTree = "<group>"; };
		71607FAE253332A700017010 /* UserGroupsInvitationsSection.swift */ = {isa = PBXFileReference; lastKnownFileType = sourcecode.swift; path = UserGroupsInvitationsSection.swift; sourceTree = "<group>"; };
		71607FB32533330000017010 /* UserGroupsSection.swift */ = {isa = PBXFileReference; lastKnownFileType = sourcecode.swift; path = UserGroupsSection.swift; sourceTree = "<group>"; };
		71607FBC253336FB00017010 /* Group.swift */ = {isa = PBXFileReference; lastKnownFileType = sourcecode.swift; path = Group.swift; sourceTree = "<group>"; };
		71607FC125334B9C00017010 /* User.swift */ = {isa = PBXFileReference; lastKnownFileType = sourcecode.swift; path = User.swift; sourceTree = "<group>"; };
		71607FC625334CEE00017010 /* City.swift */ = {isa = PBXFileReference; lastKnownFileType = sourcecode.swift; path = City.swift; sourceTree = "<group>"; };
		71607FD12533707200017010 /* GroupsInvitationCell.swift */ = {isa = PBXFileReference; lastKnownFileType = sourcecode.swift; path = GroupsInvitationCell.swift; sourceTree = "<group>"; };
		71607FD22533707200017010 /* GroupsInvitationCell.xib */ = {isa = PBXFileReference; lastKnownFileType = file.xib; path = GroupsInvitationCell.xib; sourceTree = "<group>"; };
		71607FE32533745200017010 /* UserGroupCell.swift */ = {isa = PBXFileReference; lastKnownFileType = sourcecode.swift; path = UserGroupCell.swift; sourceTree = "<group>"; };
		71607FE42533745200017010 /* UserGroupCell.xib */ = {isa = PBXFileReference; lastKnownFileType = file.xib; path = UserGroupCell.xib; sourceTree = "<group>"; };
		E5E22113557A8DC22F637106 /* Pods-app_VK.debug.xcconfig */ = {isa = PBXFileReference; includeInIndex = 1; lastKnownFileType = text.xcconfig; name = "Pods-app_VK.debug.xcconfig"; path = "Target Support Files/Pods-app_VK/Pods-app_VK.debug.xcconfig"; sourceTree = "<group>"; };
		FF60FCC467720103FE1960AC /* Pods-app_VK.release.xcconfig */ = {isa = PBXFileReference; includeInIndex = 1; lastKnownFileType = text.xcconfig; name = "Pods-app_VK.release.xcconfig"; path = "Target Support Files/Pods-app_VK/Pods-app_VK.release.xcconfig"; sourceTree = "<group>"; };
/* End PBXFileReference section */

/* Begin PBXFrameworksBuildPhase section */
		71607EA5253186AD00017010 /* Frameworks */ = {
			isa = PBXFrameworksBuildPhase;
			buildActionMask = 2147483647;
			files = (
				8F2C732CDA2B217EEDA0881A /* Pods_app_VK.framework in Frameworks */,
			);
			runOnlyForDeploymentPostprocessing = 0;
		};
		71607EBB253186AE00017010 /* Frameworks */ = {
			isa = PBXFrameworksBuildPhase;
			buildActionMask = 2147483647;
			files = (
			);
			runOnlyForDeploymentPostprocessing = 0;
		};
		71607EC6253186AE00017010 /* Frameworks */ = {
			isa = PBXFrameworksBuildPhase;
			buildActionMask = 2147483647;
			files = (
			);
			runOnlyForDeploymentPostprocessing = 0;
		};
/* End PBXFrameworksBuildPhase section */

/* Begin PBXGroup section */
		71607E9F253186AD00017010 = {
			isa = PBXGroup;
			children = (
				71607EAA253186AD00017010 /* app_VK */,
				71607EC1253186AE00017010 /* app_VKTests */,
				71607ECC253186AE00017010 /* app_VKUITests */,
				71607EA9253186AD00017010 /* Products */,
				8DB7A192565F90C282F42584 /* Pods */,
				D575C1C1ED266C76D7F11270 /* Frameworks */,
			);
			sourceTree = "<group>";
		};
		71607EA9253186AD00017010 /* Products */ = {
			isa = PBXGroup;
			children = (
				71607EA8253186AD00017010 /* app_VK.app */,
				71607EBE253186AE00017010 /* app_VKTests.xctest */,
				71607EC9253186AE00017010 /* app_VKUITests.xctest */,
			);
			name = Products;
			sourceTree = "<group>";
		};
		71607EAA253186AD00017010 /* app_VK */ = {
			isa = PBXGroup;
			children = (
				71607F0F2531942000017010 /* Network + Database */,
				71607EFC2531917F00017010 /* Screens */,
				71607EFB2531916300017010 /* Support Files */,
			);
			path = app_VK;
			sourceTree = "<group>";
		};
		71607EC1253186AE00017010 /* app_VKTests */ = {
			isa = PBXGroup;
			children = (
				71607EC2253186AE00017010 /* app_VKTests.swift */,
				71607EC4253186AE00017010 /* Info.plist */,
			);
			path = app_VKTests;
			sourceTree = "<group>";
		};
		71607ECC253186AE00017010 /* app_VKUITests */ = {
			isa = PBXGroup;
			children = (
				71607ECD253186AE00017010 /* app_VKUITests.swift */,
				71607ECF253186AE00017010 /* Info.plist */,
			);
			path = app_VKUITests;
			sourceTree = "<group>";
		};
		71607EFB2531916300017010 /* Support Files */ = {
			isa = PBXGroup;
			children = (
				71607EAB253186AD00017010 /* AppDelegate.swift */,
				71607EAD253186AD00017010 /* SceneDelegate.swift */,
				71607EB4253186AD00017010 /* Assets.xcassets */,
				71607EB9253186AD00017010 /* Info.plist */,
			);
			path = "Support Files";
			sourceTree = "<group>";
		};
		71607EFC2531917F00017010 /* Screens */ = {
			isa = PBXGroup;
			children = (
				71607F3A2531988600017010 /* View Model */,
				71607F892531EDB100017010 /* User Groups */,
				714E1E112534D6F400D605EF /* VKLoginViewController.swift */,
				71607EB6253186AD00017010 /* LaunchScreen.storyboard */,
				71607EB1253186AD00017010 /* Main.storyboard */,
			);
			path = Screens;
			sourceTree = "<group>";
		};
		71607F0F2531942000017010 /* Network + Database */ = {
			isa = PBXGroup;
			children = (
				71607F212531961C00017010 /* Session.swift */,
				71607F112531950000017010 /* VKDataLoader.swift */,
				71607F502531D8B200017010 /* Database */,
				71607F452531D2BF00017010 /* Network */,
				71607F102531943400017010 /* Models */,
			);
			path = "Network + Database";
			sourceTree = "<group>";
		};
		71607F102531943400017010 /* Models */ = {
			isa = PBXGroup;
			children = (
				71607FBC253336FB00017010 /* Group.swift */,
				71607FC125334B9C00017010 /* User.swift */,
				71607FC625334CEE00017010 /* City.swift */,
			);
			path = Models;
			sourceTree = "<group>";
		};
		71607F3A2531988600017010 /* View Model */ = {
			isa = PBXGroup;
			children = (
				71607F672531DDAC00017010 /* MVCTableViewController.swift */,
				71607F3B253198AC00017010 /* TableViewModel.swift */,
				71607F40253198E400017010 /* TableSection.swift */,
			);
			path = "View Model";
			sourceTree = "<group>";
		};
		71607F452531D2BF00017010 /* Network */ = {
			isa = PBXGroup;
			children = (
				71607F5E2531DA8900017010 /* DataReloadedController.swift */,
				71607F192531960100017010 /* VKRequestParametrs.swift */,
				71607F6F2531E11000017010 /* NetworkManager.swift */,
				714E1E062534CC9400D605EF /* DataLoader.swift */,
				71607F742531E55600017010 /* Parser.swift */,
				71607F632531DAD200017010 /* Network Operations */,
			);
			path = Network;
			sourceTree = "<group>";
		};
		71607F502531D8B200017010 /* Database */ = {
			isa = PBXGroup;
			children = (
				71607F2F253196D900017010 /* RealmService.swift */,
			);
			path = Database;
			sourceTree = "<group>";
		};
		71607F632531DAD200017010 /* Network Operations */ = {
			isa = PBXGroup;
			children = (
				71607F462531D2D700017010 /* AsyncOperation.swift */,
				71607F4B2531D4D800017010 /* GetDataOperation.swift */,
				71607F512531D94400017010 /* ParseTableDataOperation.swift */,
				71607F592531DA2100017010 /* ReloadDataOperation.swift */,
			);
			path = "Network Operations";
			sourceTree = "<group>";
		};
		71607F892531EDB100017010 /* User Groups */ = {
			isa = PBXGroup;
			children = (
				71607FAD2533328300017010 /* Sections */,
				71607FB8253334EC00017010 /* Servises */,
				71607F982531F03400017010 /* UserGroupsViewModel.swift */,
				71607F8D2531EE1B00017010 /* UserGrouposViewControler.swift */,
			);
			path = "User Groups";
			sourceTree = "<group>";
		};
		71607FAD2533328300017010 /* Sections */ = {
			isa = PBXGroup;
			children = (
				71607FCB25336C7600017010 /* Cells */,
				71607FAE253332A700017010 /* UserGroupsInvitationsSection.swift */,
				71607FB32533330000017010 /* UserGroupsSection.swift */,
			);
			path = Sections;
			sourceTree = "<group>";
		};
		71607FB8253334EC00017010 /* Servises */ = {
			isa = PBXGroup;
			children = (
				71607F9D2531F26B00017010 /* UserGroupsParser.swift */,
				71607FA82531F58C00017010 /* UserGroupsDataLoader.swift */,
			);
			path = Servises;
			sourceTree = "<group>";
		};
		71607FCB25336C7600017010 /* Cells */ = {
			isa = PBXGroup;
			children = (
				71607FD12533707200017010 /* GroupsInvitationCell.swift */,
				71607FD22533707200017010 /* GroupsInvitationCell.xib */,
				71607FE32533745200017010 /* UserGroupCell.swift */,
				71607FE42533745200017010 /* UserGroupCell.xib */,
			);
			path = Cells;
			sourceTree = "<group>";
		};
		8DB7A192565F90C282F42584 /* Pods */ = {
			isa = PBXGroup;
			children = (
				E5E22113557A8DC22F637106 /* Pods-app_VK.debug.xcconfig */,
				FF60FCC467720103FE1960AC /* Pods-app_VK.release.xcconfig */,
			);
			path = Pods;
			sourceTree = "<group>";
		};
		D575C1C1ED266C76D7F11270 /* Frameworks */ = {
			isa = PBXGroup;
			children = (
				0AFE7EAA543A9D6C73F82757 /* Pods_app_VK.framework */,
			);
			name = Frameworks;
			sourceTree = "<group>";
		};
/* End PBXGroup section */

/* Begin PBXNativeTarget section */
		71607EA7253186AD00017010 /* app_VK */ = {
			isa = PBXNativeTarget;
			buildConfigurationList = 71607ED2253186AE00017010 /* Build configuration list for PBXNativeTarget "app_VK" */;
			buildPhases = (
				414EFE317C6DCEB7D186822D /* [CP] Check Pods Manifest.lock */,
				71607EA4253186AD00017010 /* Sources */,
				71607EA5253186AD00017010 /* Frameworks */,
				71607EA6253186AD00017010 /* Resources */,
				E9C172CFDC0A3EDB2E88F4B4 /* [CP] Embed Pods Frameworks */,
			);
			buildRules = (
			);
			dependencies = (
			);
			name = app_VK;
			productName = app_VK;
			productReference = 71607EA8253186AD00017010 /* app_VK.app */;
			productType = "com.apple.product-type.application";
		};
		71607EBD253186AE00017010 /* app_VKTests */ = {
			isa = PBXNativeTarget;
			buildConfigurationList = 71607ED5253186AE00017010 /* Build configuration list for PBXNativeTarget "app_VKTests" */;
			buildPhases = (
				71607EBA253186AE00017010 /* Sources */,
				71607EBB253186AE00017010 /* Frameworks */,
				71607EBC253186AE00017010 /* Resources */,
			);
			buildRules = (
			);
			dependencies = (
				71607EC0253186AE00017010 /* PBXTargetDependency */,
			);
			name = app_VKTests;
			productName = app_VKTests;
			productReference = 71607EBE253186AE00017010 /* app_VKTests.xctest */;
			productType = "com.apple.product-type.bundle.unit-test";
		};
		71607EC8253186AE00017010 /* app_VKUITests */ = {
			isa = PBXNativeTarget;
			buildConfigurationList = 71607ED8253186AE00017010 /* Build configuration list for PBXNativeTarget "app_VKUITests" */;
			buildPhases = (
				71607EC5253186AE00017010 /* Sources */,
				71607EC6253186AE00017010 /* Frameworks */,
				71607EC7253186AE00017010 /* Resources */,
			);
			buildRules = (
			);
			dependencies = (
				71607ECB253186AE00017010 /* PBXTargetDependency */,
			);
			name = app_VKUITests;
			productName = app_VKUITests;
			productReference = 71607EC9253186AE00017010 /* app_VKUITests.xctest */;
			productType = "com.apple.product-type.bundle.ui-testing";
		};
/* End PBXNativeTarget section */

/* Begin PBXProject section */
		71607EA0253186AD00017010 /* Project object */ = {
			isa = PBXProject;
			attributes = {
				LastSwiftUpdateCheck = 1200;
				LastUpgradeCheck = 1200;
				TargetAttributes = {
					71607EA7253186AD00017010 = {
						CreatedOnToolsVersion = 12.0.1;
					};
					71607EBD253186AE00017010 = {
						CreatedOnToolsVersion = 12.0.1;
						TestTargetID = 71607EA7253186AD00017010;
					};
					71607EC8253186AE00017010 = {
						CreatedOnToolsVersion = 12.0.1;
						TestTargetID = 71607EA7253186AD00017010;
					};
				};
			};
			buildConfigurationList = 71607EA3253186AD00017010 /* Build configuration list for PBXProject "app_VK" */;
			compatibilityVersion = "Xcode 9.3";
			developmentRegion = en;
			hasScannedForEncodings = 0;
			knownRegions = (
				en,
				Base,
			);
			mainGroup = 71607E9F253186AD00017010;
			productRefGroup = 71607EA9253186AD00017010 /* Products */;
			projectDirPath = "";
			projectRoot = "";
			targets = (
				71607EA7253186AD00017010 /* app_VK */,
				71607EBD253186AE00017010 /* app_VKTests */,
				71607EC8253186AE00017010 /* app_VKUITests */,
			);
		};
/* End PBXProject section */

/* Begin PBXResourcesBuildPhase section */
		71607EA6253186AD00017010 /* Resources */ = {
			isa = PBXResourcesBuildPhase;
			buildActionMask = 2147483647;
			files = (
				71607EB8253186AD00017010 /* LaunchScreen.storyboard in Resources */,
				71607FE62533745200017010 /* UserGroupCell.xib in Resources */,
				71607EB5253186AD00017010 /* Assets.xcassets in Resources */,
				71607FD42533707200017010 /* GroupsInvitationCell.xib in Resources */,
				71607EB3253186AD00017010 /* Main.storyboard in Resources */,
			);
			runOnlyForDeploymentPostprocessing = 0;
		};
		71607EBC253186AE00017010 /* Resources */ = {
			isa = PBXResourcesBuildPhase;
			buildActionMask = 2147483647;
			files = (
			);
			runOnlyForDeploymentPostprocessing = 0;
		};
		71607EC7253186AE00017010 /* Resources */ = {
			isa = PBXResourcesBuildPhase;
			buildActionMask = 2147483647;
			files = (
			);
			runOnlyForDeploymentPostprocessing = 0;
		};
/* End PBXResourcesBuildPhase section */

/* Begin PBXShellScriptBuildPhase section */
		414EFE317C6DCEB7D186822D /* [CP] Check Pods Manifest.lock */ = {
			isa = PBXShellScriptBuildPhase;
			buildActionMask = 2147483647;
			files = (
			);
			inputFileListPaths = (
			);
			inputPaths = (
				"${PODS_PODFILE_DIR_PATH}/Podfile.lock",
				"${PODS_ROOT}/Manifest.lock",
			);
			name = "[CP] Check Pods Manifest.lock";
			outputFileListPaths = (
			);
			outputPaths = (
				"$(DERIVED_FILE_DIR)/Pods-app_VK-checkManifestLockResult.txt",
			);
			runOnlyForDeploymentPostprocessing = 0;
			shellPath = /bin/sh;
			shellScript = "diff \"${PODS_PODFILE_DIR_PATH}/Podfile.lock\" \"${PODS_ROOT}/Manifest.lock\" > /dev/null\nif [ $? != 0 ] ; then\n    # print error to STDERR\n    echo \"error: The sandbox is not in sync with the Podfile.lock. Run 'pod install' or update your CocoaPods installation.\" >&2\n    exit 1\nfi\n# This output is used by Xcode 'outputs' to avoid re-running this script phase.\necho \"SUCCESS\" > \"${SCRIPT_OUTPUT_FILE_0}\"\n";
			showEnvVarsInLog = 0;
		};
		E9C172CFDC0A3EDB2E88F4B4 /* [CP] Embed Pods Frameworks */ = {
			isa = PBXShellScriptBuildPhase;
			buildActionMask = 2147483647;
			files = (
			);
			inputFileListPaths = (
				"${PODS_ROOT}/Target Support Files/Pods-app_VK/Pods-app_VK-frameworks-${CONFIGURATION}-input-files.xcfilelist",
			);
			name = "[CP] Embed Pods Frameworks";
			outputFileListPaths = (
				"${PODS_ROOT}/Target Support Files/Pods-app_VK/Pods-app_VK-frameworks-${CONFIGURATION}-output-files.xcfilelist",
			);
			runOnlyForDeploymentPostprocessing = 0;
			shellPath = /bin/sh;
			shellScript = "\"${PODS_ROOT}/Target Support Files/Pods-app_VK/Pods-app_VK-frameworks.sh\"\n";
			showEnvVarsInLog = 0;
		};
/* End PBXShellScriptBuildPhase section */

/* Begin PBXSourcesBuildPhase section */
		71607EA4253186AD00017010 /* Sources */ = {
			isa = PBXSourcesBuildPhase;
			buildActionMask = 2147483647;
			files = (
				71607F41253198E400017010 /* TableSection.swift in Sources */,
				71607F682531DDAC00017010 /* MVCTableViewController.swift in Sources */,
				71607FB42533330000017010 /* UserGroupsSection.swift in Sources */,
				71607F992531F03400017010 /* UserGroupsViewModel.swift in Sources */,
				71607F1A2531960100017010 /* VKRequestParametrs.swift in Sources */,
				71607FD32533707200017010 /* GroupsInvitationCell.swift in Sources */,
				71607F9E2531F26B00017010 /* UserGroupsParser.swift in Sources */,
				71607FC725334CEE00017010 /* City.swift in Sources */,
				71607F30253196D900017010 /* RealmService.swift in Sources */,
				71607F122531950000017010 /* VKDataLoader.swift in Sources */,
				71607FE52533745200017010 /* UserGroupCell.swift in Sources */,
				71607F8E2531EE1B00017010 /* UserGrouposViewControler.swift in Sources */,
				71607F222531961C00017010 /* Session.swift in Sources */,
				71607FA92531F58C00017010 /* UserGroupsDataLoader.swift in Sources */,
				71607EAC253186AD00017010 /* AppDelegate.swift in Sources */,
				71607F5A2531DA2100017010 /* ReloadDataOperation.swift in Sources */,
				714E1E072534CC9400D605EF /* DataLoader.swift in Sources */,
				71607F3C253198AC00017010 /* TableViewModel.swift in Sources */,
				714E1E122534D6F400D605EF /* VKLoginViewController.swift in Sources */,
				71607F5F2531DA8900017010 /* DataReloadedController.swift in Sources */,
				71607F4C2531D4D800017010 /* GetDataOperation.swift in Sources */,
				71607F702531E11000017010 /* NetworkManager.swift in Sources */,
				71607F522531D94400017010 /* ParseTableDataOperation.swift in Sources */,
				71607F472531D2D700017010 /* AsyncOperation.swift in Sources */,
				71607FBD253336FB00017010 /* Group.swift in Sources */,
				71607FC225334B9C00017010 /* User.swift in Sources */,
				71607F752531E55600017010 /* Parser.swift in Sources */,
				71607EAE253186AD00017010 /* SceneDelegate.swift in Sources */,
				71607FAF253332A700017010 /* UserGroupsInvitationsSection.swift in Sources */,
			);
			runOnlyForDeploymentPostprocessing = 0;
		};
		71607EBA253186AE00017010 /* Sources */ = {
			isa = PBXSourcesBuildPhase;
			buildActionMask = 2147483647;
			files = (
				71607EC3253186AE00017010 /* app_VKTests.swift in Sources */,
			);
			runOnlyForDeploymentPostprocessing = 0;
		};
		71607EC5253186AE00017010 /* Sources */ = {
			isa = PBXSourcesBuildPhase;
			buildActionMask = 2147483647;
			files = (
				71607ECE253186AE00017010 /* app_VKUITests.swift in Sources */,
			);
			runOnlyForDeploymentPostprocessing = 0;
		};
/* End PBXSourcesBuildPhase section */

/* Begin PBXTargetDependency section */
		71607EC0253186AE00017010 /* PBXTargetDependency */ = {
			isa = PBXTargetDependency;
			target = 71607EA7253186AD00017010 /* app_VK */;
			targetProxy = 71607EBF253186AE00017010 /* PBXContainerItemProxy */;
		};
		71607ECB253186AE00017010 /* PBXTargetDependency */ = {
			isa = PBXTargetDependency;
			target = 71607EA7253186AD00017010 /* app_VK */;
			targetProxy = 71607ECA253186AE00017010 /* PBXContainerItemProxy */;
		};
/* End PBXTargetDependency section */

/* Begin PBXVariantGroup section */
		71607EB1253186AD00017010 /* Main.storyboard */ = {
			isa = PBXVariantGroup;
			children = (
				71607EB2253186AD00017010 /* Base */,
			);
			name = Main.storyboard;
			sourceTree = "<group>";
		};
		71607EB6253186AD00017010 /* LaunchScreen.storyboard */ = {
			isa = PBXVariantGroup;
			children = (
				71607EB7253186AD00017010 /* Base */,
			);
			name = LaunchScreen.storyboard;
			sourceTree = "<group>";
		};
/* End PBXVariantGroup section */

/* Begin XCBuildConfiguration section */
		71607ED0253186AE00017010 /* Debug */ = {
			isa = XCBuildConfiguration;
			buildSettings = {
				ALWAYS_SEARCH_USER_PATHS = NO;
				CLANG_ANALYZER_NONNULL = YES;
				CLANG_ANALYZER_NUMBER_OBJECT_CONVERSION = YES_AGGRESSIVE;
				CLANG_CXX_LANGUAGE_STANDARD = "gnu++14";
				CLANG_CXX_LIBRARY = "libc++";
				CLANG_ENABLE_MODULES = YES;
				CLANG_ENABLE_OBJC_ARC = YES;
				CLANG_ENABLE_OBJC_WEAK = YES;
				CLANG_WARN_BLOCK_CAPTURE_AUTORELEASING = YES;
				CLANG_WARN_BOOL_CONVERSION = YES;
				CLANG_WARN_COMMA = YES;
				CLANG_WARN_CONSTANT_CONVERSION = YES;
				CLANG_WARN_DEPRECATED_OBJC_IMPLEMENTATIONS = YES;
				CLANG_WARN_DIRECT_OBJC_ISA_USAGE = YES_ERROR;
				CLANG_WARN_DOCUMENTATION_COMMENTS = YES;
				CLANG_WARN_EMPTY_BODY = YES;
				CLANG_WARN_ENUM_CONVERSION = YES;
				CLANG_WARN_INFINITE_RECURSION = YES;
				CLANG_WARN_INT_CONVERSION = YES;
				CLANG_WARN_NON_LITERAL_NULL_CONVERSION = YES;
				CLANG_WARN_OBJC_IMPLICIT_RETAIN_SELF = YES;
				CLANG_WARN_OBJC_LITERAL_CONVERSION = YES;
				CLANG_WARN_OBJC_ROOT_CLASS = YES_ERROR;
				CLANG_WARN_QUOTED_INCLUDE_IN_FRAMEWORK_HEADER = YES;
				CLANG_WARN_RANGE_LOOP_ANALYSIS = YES;
				CLANG_WARN_STRICT_PROTOTYPES = YES;
				CLANG_WARN_SUSPICIOUS_MOVE = YES;
				CLANG_WARN_UNGUARDED_AVAILABILITY = YES_AGGRESSIVE;
				CLANG_WARN_UNREACHABLE_CODE = YES;
				CLANG_WARN__DUPLICATE_METHOD_MATCH = YES;
				COPY_PHASE_STRIP = NO;
				DEBUG_INFORMATION_FORMAT = dwarf;
				ENABLE_STRICT_OBJC_MSGSEND = YES;
				ENABLE_TESTABILITY = YES;
				GCC_C_LANGUAGE_STANDARD = gnu11;
				GCC_DYNAMIC_NO_PIC = NO;
				GCC_NO_COMMON_BLOCKS = YES;
				GCC_OPTIMIZATION_LEVEL = 0;
				GCC_PREPROCESSOR_DEFINITIONS = (
					"DEBUG=1",
					"$(inherited)",
				);
				GCC_WARN_64_TO_32_BIT_CONVERSION = YES;
				GCC_WARN_ABOUT_RETURN_TYPE = YES_ERROR;
				GCC_WARN_UNDECLARED_SELECTOR = YES;
				GCC_WARN_UNINITIALIZED_AUTOS = YES_AGGRESSIVE;
				GCC_WARN_UNUSED_FUNCTION = YES;
				GCC_WARN_UNUSED_VARIABLE = YES;
				IPHONEOS_DEPLOYMENT_TARGET = 14.0;
				MTL_ENABLE_DEBUG_INFO = INCLUDE_SOURCE;
				MTL_FAST_MATH = YES;
				ONLY_ACTIVE_ARCH = YES;
				SDKROOT = iphoneos;
				SWIFT_ACTIVE_COMPILATION_CONDITIONS = DEBUG;
				SWIFT_OPTIMIZATION_LEVEL = "-Onone";
			};
			name = Debug;
		};
		71607ED1253186AE00017010 /* Release */ = {
			isa = XCBuildConfiguration;
			buildSettings = {
				ALWAYS_SEARCH_USER_PATHS = NO;
				CLANG_ANALYZER_NONNULL = YES;
				CLANG_ANALYZER_NUMBER_OBJECT_CONVERSION = YES_AGGRESSIVE;
				CLANG_CXX_LANGUAGE_STANDARD = "gnu++14";
				CLANG_CXX_LIBRARY = "libc++";
				CLANG_ENABLE_MODULES = YES;
				CLANG_ENABLE_OBJC_ARC = YES;
				CLANG_ENABLE_OBJC_WEAK = YES;
				CLANG_WARN_BLOCK_CAPTURE_AUTORELEASING = YES;
				CLANG_WARN_BOOL_CONVERSION = YES;
				CLANG_WARN_COMMA = YES;
				CLANG_WARN_CONSTANT_CONVERSION = YES;
				CLANG_WARN_DEPRECATED_OBJC_IMPLEMENTATIONS = YES;
				CLANG_WARN_DIRECT_OBJC_ISA_USAGE = YES_ERROR;
				CLANG_WARN_DOCUMENTATION_COMMENTS = YES;
				CLANG_WARN_EMPTY_BODY = YES;
				CLANG_WARN_ENUM_CONVERSION = YES;
				CLANG_WARN_INFINITE_RECURSION = YES;
				CLANG_WARN_INT_CONVERSION = YES;
				CLANG_WARN_NON_LITERAL_NULL_CONVERSION = YES;
				CLANG_WARN_OBJC_IMPLICIT_RETAIN_SELF = YES;
				CLANG_WARN_OBJC_LITERAL_CONVERSION = YES;
				CLANG_WARN_OBJC_ROOT_CLASS = YES_ERROR;
				CLANG_WARN_QUOTED_INCLUDE_IN_FRAMEWORK_HEADER = YES;
				CLANG_WARN_RANGE_LOOP_ANALYSIS = YES;
				CLANG_WARN_STRICT_PROTOTYPES = YES;
				CLANG_WARN_SUSPICIOUS_MOVE = YES;
				CLANG_WARN_UNGUARDED_AVAILABILITY = YES_AGGRESSIVE;
				CLANG_WARN_UNREACHABLE_CODE = YES;
				CLANG_WARN__DUPLICATE_METHOD_MATCH = YES;
				COPY_PHASE_STRIP = NO;
				DEBUG_INFORMATION_FORMAT = "dwarf-with-dsym";
				ENABLE_NS_ASSERTIONS = NO;
				ENABLE_STRICT_OBJC_MSGSEND = YES;
				GCC_C_LANGUAGE_STANDARD = gnu11;
				GCC_NO_COMMON_BLOCKS = YES;
				GCC_WARN_64_TO_32_BIT_CONVERSION = YES;
				GCC_WARN_ABOUT_RETURN_TYPE = YES_ERROR;
				GCC_WARN_UNDECLARED_SELECTOR = YES;
				GCC_WARN_UNINITIALIZED_AUTOS = YES_AGGRESSIVE;
				GCC_WARN_UNUSED_FUNCTION = YES;
				GCC_WARN_UNUSED_VARIABLE = YES;
				IPHONEOS_DEPLOYMENT_TARGET = 14.0;
				MTL_ENABLE_DEBUG_INFO = NO;
				MTL_FAST_MATH = YES;
				SDKROOT = iphoneos;
				SWIFT_COMPILATION_MODE = wholemodule;
				SWIFT_OPTIMIZATION_LEVEL = "-O";
				VALIDATE_PRODUCT = YES;
			};
			name = Release;
		};
		71607ED3253186AE00017010 /* Debug */ = {
			isa = XCBuildConfiguration;
			baseConfigurationReference = E5E22113557A8DC22F637106 /* Pods-app_VK.debug.xcconfig */;
			buildSettings = {
				ASSETCATALOG_COMPILER_APPICON_NAME = AppIcon;
				ASSETCATALOG_COMPILER_GLOBAL_ACCENT_COLOR_NAME = AccentColor;
				CODE_SIGN_STYLE = Automatic;
				DEVELOPMENT_TEAM = QU9ZBG8S59;
				INFOPLIST_FILE = "app_VK/Support Files/Info.plist";
				IPHONEOS_DEPLOYMENT_TARGET = 13.6;
				LD_RUNPATH_SEARCH_PATHS = (
					"$(inherited)",
					"@executable_path/Frameworks",
				);
				PRODUCT_BUNDLE_IDENTIFIER = "obryga.corp.app-VK";
				PRODUCT_NAME = "$(TARGET_NAME)";
				SWIFT_VERSION = 5.0;
				TARGETED_DEVICE_FAMILY = "1,2";
			};
			name = Debug;
		};
		71607ED4253186AE00017010 /* Release */ = {
			isa = XCBuildConfiguration;
			baseConfigurationReference = FF60FCC467720103FE1960AC /* Pods-app_VK.release.xcconfig */;
			buildSettings = {
				ASSETCATALOG_COMPILER_APPICON_NAME = AppIcon;
				ASSETCATALOG_COMPILER_GLOBAL_ACCENT_COLOR_NAME = AccentColor;
				CODE_SIGN_STYLE = Automatic;
				DEVELOPMENT_TEAM = QU9ZBG8S59;
				INFOPLIST_FILE = "app_VK/Support Files/Info.plist";
				IPHONEOS_DEPLOYMENT_TARGET = 13.6;
				LD_RUNPATH_SEARCH_PATHS = (
					"$(inherited)",
					"@executable_path/Frameworks",
				);
				PRODUCT_BUNDLE_IDENTIFIER = "obryga.corp.app-VK";
				PRODUCT_NAME = "$(TARGET_NAME)";
				SWIFT_VERSION = 5.0;
				TARGETED_DEVICE_FAMILY = "1,2";
			};
			name = Release;
		};
		71607ED6253186AE00017010 /* Debug */ = {
			isa = XCBuildConfiguration;
			buildSettings = {
				ALWAYS_EMBED_SWIFT_STANDARD_LIBRARIES = YES;
				BUNDLE_LOADER = "$(TEST_HOST)";
				CODE_SIGN_STYLE = Automatic;
				DEVELOPMENT_TEAM = QU9ZBG8S59;
				INFOPLIST_FILE = app_VKTests/Info.plist;
				IPHONEOS_DEPLOYMENT_TARGET = 14.0;
				LD_RUNPATH_SEARCH_PATHS = (
					"$(inherited)",
					"@executable_path/Frameworks",
					"@loader_path/Frameworks",
				);
				PRODUCT_BUNDLE_IDENTIFIER = "obryga.corp.app-VKTests";
				PRODUCT_NAME = "$(TARGET_NAME)";
				SWIFT_VERSION = 5.0;
				TARGETED_DEVICE_FAMILY = "1,2";
				TEST_HOST = "$(BUILT_PRODUCTS_DIR)/app_VK.app/app_VK";
			};
			name = Debug;
		};
		71607ED7253186AE00017010 /* Release */ = {
			isa = XCBuildConfiguration;
			buildSettings = {
				ALWAYS_EMBED_SWIFT_STANDARD_LIBRARIES = YES;
				BUNDLE_LOADER = "$(TEST_HOST)";
				CODE_SIGN_STYLE = Automatic;
				DEVELOPMENT_TEAM = QU9ZBG8S59;
				INFOPLIST_FILE = app_VKTests/Info.plist;
				IPHONEOS_DEPLOYMENT_TARGET = 14.0;
				LD_RUNPATH_SEARCH_PATHS = (
					"$(inherited)",
					"@executable_path/Frameworks",
					"@loader_path/Frameworks",
				);
				PRODUCT_BUNDLE_IDENTIFIER = "obryga.corp.app-VKTests";
				PRODUCT_NAME = "$(TARGET_NAME)";
				SWIFT_VERSION = 5.0;
				TARGETED_DEVICE_FAMILY = "1,2";
				TEST_HOST = "$(BUILT_PRODUCTS_DIR)/app_VK.app/app_VK";
			};
			name = Release;
		};
		71607ED9253186AE00017010 /* Debug */ = {
			isa = XCBuildConfiguration;
			buildSettings = {
				ALWAYS_EMBED_SWIFT_STANDARD_LIBRARIES = YES;
				CODE_SIGN_STYLE = Automatic;
				DEVELOPMENT_TEAM = QU9ZBG8S59;
				INFOPLIST_FILE = app_VKUITests/Info.plist;
				LD_RUNPATH_SEARCH_PATHS = (
					"$(inherited)",
					"@executable_path/Frameworks",
					"@loader_path/Frameworks",
				);
				PRODUCT_BUNDLE_IDENTIFIER = "obryga.corp.app-VKUITests";
				PRODUCT_NAME = "$(TARGET_NAME)";
				SWIFT_VERSION = 5.0;
				TARGETED_DEVICE_FAMILY = "1,2";
				TEST_TARGET_NAME = app_VK;
			};
			name = Debug;
		};
		71607EDA253186AE00017010 /* Release */ = {
			isa = XCBuildConfiguration;
			buildSettings = {
				ALWAYS_EMBED_SWIFT_STANDARD_LIBRARIES = YES;
				CODE_SIGN_STYLE = Automatic;
				DEVELOPMENT_TEAM = QU9ZBG8S59;
				INFOPLIST_FILE = app_VKUITests/Info.plist;
				LD_RUNPATH_SEARCH_PATHS = (
					"$(inherited)",
					"@executable_path/Frameworks",
					"@loader_path/Frameworks",
				);
				PRODUCT_BUNDLE_IDENTIFIER = "obryga.corp.app-VKUITests";
				PRODUCT_NAME = "$(TARGET_NAME)";
				SWIFT_VERSION = 5.0;
				TARGETED_DEVICE_FAMILY = "1,2";
				TEST_TARGET_NAME = app_VK;
			};
			name = Release;
		};
/* End XCBuildConfiguration section */

/* Begin XCConfigurationList section */
		71607EA3253186AD00017010 /* Build configuration list for PBXProject "app_VK" */ = {
			isa = XCConfigurationList;
			buildConfigurations = (
				71607ED0253186AE00017010 /* Debug */,
				71607ED1253186AE00017010 /* Release */,
			);
			defaultConfigurationIsVisible = 0;
			defaultConfigurationName = Release;
		};
		71607ED2253186AE00017010 /* Build configuration list for PBXNativeTarget "app_VK" */ = {
			isa = XCConfigurationList;
			buildConfigurations = (
				71607ED3253186AE00017010 /* Debug */,
				71607ED4253186AE00017010 /* Release */,
			);
			defaultConfigurationIsVisible = 0;
			defaultConfigurationName = Release;
		};
		71607ED5253186AE00017010 /* Build configuration list for PBXNativeTarget "app_VKTests" */ = {
			isa = XCConfigurationList;
			buildConfigurations = (
				71607ED6253186AE00017010 /* Debug */,
				71607ED7253186AE00017010 /* Release */,
			);
			defaultConfigurationIsVisible = 0;
			defaultConfigurationName = Release;
		};
		71607ED8253186AE00017010 /* Build configuration list for PBXNativeTarget "app_VKUITests" */ = {
			isa = XCConfigurationList;
			buildConfigurations = (
				71607ED9253186AE00017010 /* Debug */,
				71607EDA253186AE00017010 /* Release */,
			);
			defaultConfigurationIsVisible = 0;
			defaultConfigurationName = Release;
		};
/* End XCConfigurationList section */
	};
	rootObject = 71607EA0253186AD00017010 /* Project object */;
}
